# THIS IS AN AUTOGENERATED FILE. DO NOT EDIT THIS FILE DIRECTLY.
# yarn lockfile v1


"@remix-run/router@1.3.0":
  version "1.3.0"
  resolved "https://registry.yarnpkg.com/@remix-run/router/-/router-1.3.0.tgz#b6ee542c7f087b73b3d8215b9bf799f648be71cb"
  integrity sha512-nwQoYb3m4DDpHTeOwpJEuDt8lWVcujhYYSFGLluC+9es2PyLjm+jjq3IeRBQbwBtPLJE/lkuHuGHr8uQLgmJRA==

react-router-dom@^6.7.0:
  version "6.7.0"
  resolved "https://registry.yarnpkg.com/react-router-dom/-/react-router-dom-6.7.0.tgz#0249f4ca4eb704562b8b0ff29caeb928c3a6ed38"
  integrity sha512-jQtXUJyhso3kFw430+0SPCbmCmY1/kJv8iRffGHwHy3CkoomGxeYzMkmeSPYo6Egzh3FKJZRAL22yg5p2tXtfg==
  dependencies:
    "@remix-run/router" "1.3.0"
    react-router "6.7.0"

react-router@6.7.0:
  version "6.7.0"
  resolved "https://registry.yarnpkg.com/react-router/-/react-router-6.7.0.tgz#db262684c13b5c2970694084ae9e8531718a0681"
  integrity sha512-KNWlG622ddq29MAM159uUsNMdbX8USruoKnwMMQcs/QWZgFUayICSn2oB7reHce1zPj6CG18kfkZIunSSRyGHg==
  dependencies:
    "@remix-run/router" "1.3.0"
